
Microsoft Visual Studio Solution File, Format Version 12.00
# Visual Studio Version 16
VisualStudioVersion = 16.0.30907.101
MinimumVisualStudioVersion = 10.0.40219.1
Project("{FAE04EC0-301F-11D3-BF4B-00C04F79EFBC}") = "04_09_MondoAnimale", "04_09_MondoAnimale\04_09_MondoAnimale.csproj", "{78722446-D35D-4806-AD27-3B497A4BD692}"
EndProject
Global
	GlobalSection(SolutionConfigurationPlatforms) = preSolution
		Debug|Any CPU = Debug|Any CPU
		Release|Any CPU = Release|Any CPU
	EndGlobalSection
	GlobalSection(ProjectConfigurationPlatforms) = postSolution
		{78722446-D35D-4806-AD27-3B497A4BD692}.Debug|Any CPU.ActiveCfg = Debug|Any CPU
		{78722446-D35D-4806-AD27-3B497A4BD692}.Debug|Any CPU.Build.0 = Debug|Any CPU
		{78722446-D35D-4806-AD27-3B497A4BD692}.Release|Any CPU.ActiveCfg = Release|Any CPU
		{78722446-D35D-4806-AD27-3B497A4BD692}.Release|Any CPU.Build.0 = Release|Any CPU
	EndGlobalSection
	GlobalSection(SolutionProperties) = preSolution
		HideSolutionNode = FALSE
	EndGlobalSection
	GlobalSection(ExtensibilityGlobals) = postSolution
		SolutionGuid = {873ADD41-688A-4897-B679-2445438DD774}
	EndGlobalSection
EndGlobal
