
Microsoft Visual Studio Solution File, Format Version 12.00
# Visual Studio Version 16
VisualStudioVersion = 16.0.30711.63
MinimumVisualStudioVersion = 10.0.40219.1
Project("{FAE04EC0-301F-11D3-BF4B-00C04F79EFBC}") = "04_02_CompatibilitaTraDerivati", "04_02_CompatibilitaTraDerivati\04_02_CompatibilitaTraDerivati.csproj", "{24D08DC6-BE08-4028-B5E6-9A572CAB6426}"
EndProject
Global
	GlobalSection(SolutionConfigurationPlatforms) = preSolution
		Debug|Any CPU = Debug|Any CPU
		Release|Any CPU = Release|Any CPU
	EndGlobalSection
	GlobalSection(ProjectConfigurationPlatforms) = postSolution
		{24D08DC6-BE08-4028-B5E6-9A572CAB6426}.Debug|Any CPU.ActiveCfg = Debug|Any CPU
		{24D08DC6-BE08-4028-B5E6-9A572CAB6426}.Debug|Any CPU.Build.0 = Debug|Any CPU
		{24D08DC6-BE08-4028-B5E6-9A572CAB6426}.Release|Any CPU.ActiveCfg = Release|Any CPU
		{24D08DC6-BE08-4028-B5E6-9A572CAB6426}.Release|Any CPU.Build.0 = Release|Any CPU
	EndGlobalSection
	GlobalSection(SolutionProperties) = preSolution
		HideSolutionNode = FALSE
	EndGlobalSection
	GlobalSection(ExtensibilityGlobals) = postSolution
		SolutionGuid = {15A1A05D-3094-44A4-B564-6DD417D76EF8}
	EndGlobalSection
EndGlobal
