
Microsoft Visual Studio Solution File, Format Version 12.00
# Visual Studio Version 16
VisualStudioVersion = 16.0.30621.155
MinimumVisualStudioVersion = 10.0.40219.1
Project("{FAE04EC0-301F-11D3-BF4B-00C04F79EFBC}") = "05_03_ClasseSingleton", "05_03_ClasseSingleton\05_03_ClasseSingleton.csproj", "{8287D450-8F68-40FC-88D9-9A345314E6CF}"
EndProject
Global
	GlobalSection(SolutionConfigurationPlatforms) = preSolution
		Debug|Any CPU = Debug|Any CPU
		Release|Any CPU = Release|Any CPU
	EndGlobalSection
	GlobalSection(ProjectConfigurationPlatforms) = postSolution
		{8287D450-8F68-40FC-88D9-9A345314E6CF}.Debug|Any CPU.ActiveCfg = Debug|Any CPU
		{8287D450-8F68-40FC-88D9-9A345314E6CF}.Debug|Any CPU.Build.0 = Debug|Any CPU
		{8287D450-8F68-40FC-88D9-9A345314E6CF}.Release|Any CPU.ActiveCfg = Release|Any CPU
		{8287D450-8F68-40FC-88D9-9A345314E6CF}.Release|Any CPU.Build.0 = Release|Any CPU
	EndGlobalSection
	GlobalSection(SolutionProperties) = preSolution
		HideSolutionNode = FALSE
	EndGlobalSection
	GlobalSection(ExtensibilityGlobals) = postSolution
		SolutionGuid = {CFCE8219-EC40-4DA2-AE3F-617ECE6986DD}
	EndGlobalSection
EndGlobal
