
Microsoft Visual Studio Solution File, Format Version 12.00
# Visual Studio Version 16
VisualStudioVersion = 16.0.29411.108
MinimumVisualStudioVersion = 10.0.40219.1
Project("{FAE04EC0-301F-11D3-BF4B-00C04F79EFBC}") = "Multform 01", "Multform 01\Multform 01.csproj", "{B3FF5159-91E0-44E9-83F1-A77E492FCFB9}"
EndProject
Global
	GlobalSection(SolutionConfigurationPlatforms) = preSolution
		Debug|Any CPU = Debug|Any CPU
		Release|Any CPU = Release|Any CPU
	EndGlobalSection
	GlobalSection(ProjectConfigurationPlatforms) = postSolution
		{B3FF5159-91E0-44E9-83F1-A77E492FCFB9}.Debug|Any CPU.ActiveCfg = Debug|Any CPU
		{B3FF5159-91E0-44E9-83F1-A77E492FCFB9}.Debug|Any CPU.Build.0 = Debug|Any CPU
		{B3FF5159-91E0-44E9-83F1-A77E492FCFB9}.Release|Any CPU.ActiveCfg = Release|Any CPU
		{B3FF5159-91E0-44E9-83F1-A77E492FCFB9}.Release|Any CPU.Build.0 = Release|Any CPU
	EndGlobalSection
	GlobalSection(SolutionProperties) = preSolution
		HideSolutionNode = FALSE
	EndGlobalSection
	GlobalSection(ExtensibilityGlobals) = postSolution
		SolutionGuid = {53D46B28-6D5E-4CA5-BDB3-26862FD3AC2F}
	EndGlobalSection
EndGlobal
