
Microsoft Visual Studio Solution File, Format Version 12.00
# Visual Studio Version 16
VisualStudioVersion = 16.0.30907.101
MinimumVisualStudioVersion = 10.0.40219.1
Project("{FAE04EC0-301F-11D3-BF4B-00C04F79EFBC}") = "04_08_TreSette", "04_08_TreSette\04_08_TreSette.csproj", "{6B8433A4-358A-4923-B680-0488BF7BABF2}"
EndProject
Global
	GlobalSection(SolutionConfigurationPlatforms) = preSolution
		Debug|Any CPU = Debug|Any CPU
		Release|Any CPU = Release|Any CPU
	EndGlobalSection
	GlobalSection(ProjectConfigurationPlatforms) = postSolution
		{6B8433A4-358A-4923-B680-0488BF7BABF2}.Debug|Any CPU.ActiveCfg = Debug|Any CPU
		{6B8433A4-358A-4923-B680-0488BF7BABF2}.Debug|Any CPU.Build.0 = Debug|Any CPU
		{6B8433A4-358A-4923-B680-0488BF7BABF2}.Release|Any CPU.ActiveCfg = Release|Any CPU
		{6B8433A4-358A-4923-B680-0488BF7BABF2}.Release|Any CPU.Build.0 = Release|Any CPU
	EndGlobalSection
	GlobalSection(SolutionProperties) = preSolution
		HideSolutionNode = FALSE
	EndGlobalSection
	GlobalSection(ExtensibilityGlobals) = postSolution
		SolutionGuid = {12909585-3E16-41DC-B881-0E450A3F143C}
	EndGlobalSection
EndGlobal
