
Microsoft Visual Studio Solution File, Format Version 12.00
# Visual Studio Version 16
VisualStudioVersion = 16.0.30711.63
MinimumVisualStudioVersion = 10.0.40219.1
Project("{FAE04EC0-301F-11D3-BF4B-00C04F79EFBC}") = "04_03_Passaggio", "04_03_Passaggio\04_03_Passaggio.csproj", "{2CF517B6-1B87-42EB-AE0E-9E551860408A}"
EndProject
Global
	GlobalSection(SolutionConfigurationPlatforms) = preSolution
		Debug|Any CPU = Debug|Any CPU
		Release|Any CPU = Release|Any CPU
	EndGlobalSection
	GlobalSection(ProjectConfigurationPlatforms) = postSolution
		{2CF517B6-1B87-42EB-AE0E-9E551860408A}.Debug|Any CPU.ActiveCfg = Debug|Any CPU
		{2CF517B6-1B87-42EB-AE0E-9E551860408A}.Debug|Any CPU.Build.0 = Debug|Any CPU
		{2CF517B6-1B87-42EB-AE0E-9E551860408A}.Release|Any CPU.ActiveCfg = Release|Any CPU
		{2CF517B6-1B87-42EB-AE0E-9E551860408A}.Release|Any CPU.Build.0 = Release|Any CPU
	EndGlobalSection
	GlobalSection(SolutionProperties) = preSolution
		HideSolutionNode = FALSE
	EndGlobalSection
	GlobalSection(ExtensibilityGlobals) = postSolution
		SolutionGuid = {74761AB7-E67C-402B-A9C6-D4EE3D3C19CD}
	EndGlobalSection
EndGlobal
