
Microsoft Visual Studio Solution File, Format Version 12.00
# Visual Studio Version 16
VisualStudioVersion = 16.0.30711.63
MinimumVisualStudioVersion = 10.0.40219.1
Project("{FAE04EC0-301F-11D3-BF4B-00C04F79EFBC}") = "04_01_Ereditarietà", "04_01_Ereditarietà\04_01_Ereditarietà.csproj", "{95EE8EF0-CDBA-4338-92DA-F6BD182EC67D}"
EndProject
Global
	GlobalSection(SolutionConfigurationPlatforms) = preSolution
		Debug|Any CPU = Debug|Any CPU
		Release|Any CPU = Release|Any CPU
	EndGlobalSection
	GlobalSection(ProjectConfigurationPlatforms) = postSolution
		{95EE8EF0-CDBA-4338-92DA-F6BD182EC67D}.Debug|Any CPU.ActiveCfg = Debug|Any CPU
		{95EE8EF0-CDBA-4338-92DA-F6BD182EC67D}.Debug|Any CPU.Build.0 = Debug|Any CPU
		{95EE8EF0-CDBA-4338-92DA-F6BD182EC67D}.Release|Any CPU.ActiveCfg = Release|Any CPU
		{95EE8EF0-CDBA-4338-92DA-F6BD182EC67D}.Release|Any CPU.Build.0 = Release|Any CPU
	EndGlobalSection
	GlobalSection(SolutionProperties) = preSolution
		HideSolutionNode = FALSE
	EndGlobalSection
	GlobalSection(ExtensibilityGlobals) = postSolution
		SolutionGuid = {5ABA0248-AE89-40EA-A4AF-00650B42A45E}
	EndGlobalSection
EndGlobal
