
Microsoft Visual Studio Solution File, Format Version 12.00
# Visual Studio Version 16
VisualStudioVersion = 16.0.30621.155
MinimumVisualStudioVersion = 10.0.40219.1
Project("{FAE04EC0-301F-11D3-BF4B-00C04F79EFBC}") = "05_02_MetodiFactory", "05_02_MetodiFactory\05_02_MetodiFactory.csproj", "{3F84E1FE-E2E3-4E5B-A5B9-81D022FAD8EA}"
EndProject
Global
	GlobalSection(SolutionConfigurationPlatforms) = preSolution
		Debug|Any CPU = Debug|Any CPU
		Release|Any CPU = Release|Any CPU
	EndGlobalSection
	GlobalSection(ProjectConfigurationPlatforms) = postSolution
		{3F84E1FE-E2E3-4E5B-A5B9-81D022FAD8EA}.Debug|Any CPU.ActiveCfg = Debug|Any CPU
		{3F84E1FE-E2E3-4E5B-A5B9-81D022FAD8EA}.Debug|Any CPU.Build.0 = Debug|Any CPU
		{3F84E1FE-E2E3-4E5B-A5B9-81D022FAD8EA}.Release|Any CPU.ActiveCfg = Release|Any CPU
		{3F84E1FE-E2E3-4E5B-A5B9-81D022FAD8EA}.Release|Any CPU.Build.0 = Release|Any CPU
	EndGlobalSection
	GlobalSection(SolutionProperties) = preSolution
		HideSolutionNode = FALSE
	EndGlobalSection
	GlobalSection(ExtensibilityGlobals) = postSolution
		SolutionGuid = {B10882B6-F355-4A16-9C32-D60547D70B91}
	EndGlobalSection
EndGlobal
