
Microsoft Visual Studio Solution File, Format Version 12.00
# Visual Studio Version 16
VisualStudioVersion = 16.0.30621.155
MinimumVisualStudioVersion = 10.0.40219.1
Project("{FAE04EC0-301F-11D3-BF4B-00C04F79EFBC}") = "03_02_Liste", "03_02_Liste\03_02_Liste.csproj", "{69422E51-7F17-4CE1-B4B4-203804B31C4A}"
EndProject
Global
	GlobalSection(SolutionConfigurationPlatforms) = preSolution
		Debug|Any CPU = Debug|Any CPU
		Release|Any CPU = Release|Any CPU
	EndGlobalSection
	GlobalSection(ProjectConfigurationPlatforms) = postSolution
		{69422E51-7F17-4CE1-B4B4-203804B31C4A}.Debug|Any CPU.ActiveCfg = Debug|Any CPU
		{69422E51-7F17-4CE1-B4B4-203804B31C4A}.Debug|Any CPU.Build.0 = Debug|Any CPU
		{69422E51-7F17-4CE1-B4B4-203804B31C4A}.Release|Any CPU.ActiveCfg = Release|Any CPU
		{69422E51-7F17-4CE1-B4B4-203804B31C4A}.Release|Any CPU.Build.0 = Release|Any CPU
	EndGlobalSection
	GlobalSection(SolutionProperties) = preSolution
		HideSolutionNode = FALSE
	EndGlobalSection
	GlobalSection(ExtensibilityGlobals) = postSolution
		SolutionGuid = {9DD99E4F-2E7E-447F-B009-DAC993548FF6}
	EndGlobalSection
EndGlobal
