
Microsoft Visual Studio Solution File, Format Version 12.00
# Visual Studio Version 16
VisualStudioVersion = 16.0.29411.108
MinimumVisualStudioVersion = 10.0.40219.1
Project("{FAE04EC0-301F-11D3-BF4B-00C04F79EFBC}") = "07_01_TaxiFarePrediction", "07_01_TaxiFarePrediction\07_01_TaxiFarePrediction.csproj", "{183E01B4-B5B0-46E6-9C2B-FECDC06F764E}"
EndProject
Global
	GlobalSection(SolutionConfigurationPlatforms) = preSolution
		Debug|Any CPU = Debug|Any CPU
		Release|Any CPU = Release|Any CPU
	EndGlobalSection
	GlobalSection(ProjectConfigurationPlatforms) = postSolution
		{183E01B4-B5B0-46E6-9C2B-FECDC06F764E}.Debug|Any CPU.ActiveCfg = Debug|Any CPU
		{183E01B4-B5B0-46E6-9C2B-FECDC06F764E}.Debug|Any CPU.Build.0 = Debug|Any CPU
		{183E01B4-B5B0-46E6-9C2B-FECDC06F764E}.Release|Any CPU.ActiveCfg = Release|Any CPU
		{183E01B4-B5B0-46E6-9C2B-FECDC06F764E}.Release|Any CPU.Build.0 = Release|Any CPU
	EndGlobalSection
	GlobalSection(SolutionProperties) = preSolution
		HideSolutionNode = FALSE
	EndGlobalSection
	GlobalSection(ExtensibilityGlobals) = postSolution
		SolutionGuid = {27A6C0DD-BA3B-4CD2-9E61-18CD9DC64EBE}
	EndGlobalSection
EndGlobal
