
Microsoft Visual Studio Solution File, Format Version 12.00
# Visual Studio Version 16
VisualStudioVersion = 16.0.30711.63
MinimumVisualStudioVersion = 10.0.40219.1
Project("{FAE04EC0-301F-11D3-BF4B-00C04F79EFBC}") = "03_05_Container", "03_05_Container\03_05_Container.csproj", "{BF16E14D-7A42-4CA3-A635-4C9856C8F2AA}"
EndProject
Global
	GlobalSection(SolutionConfigurationPlatforms) = preSolution
		Debug|Any CPU = Debug|Any CPU
		Release|Any CPU = Release|Any CPU
	EndGlobalSection
	GlobalSection(ProjectConfigurationPlatforms) = postSolution
		{BF16E14D-7A42-4CA3-A635-4C9856C8F2AA}.Debug|Any CPU.ActiveCfg = Debug|Any CPU
		{BF16E14D-7A42-4CA3-A635-4C9856C8F2AA}.Debug|Any CPU.Build.0 = Debug|Any CPU
		{BF16E14D-7A42-4CA3-A635-4C9856C8F2AA}.Release|Any CPU.ActiveCfg = Release|Any CPU
		{BF16E14D-7A42-4CA3-A635-4C9856C8F2AA}.Release|Any CPU.Build.0 = Release|Any CPU
	EndGlobalSection
	GlobalSection(SolutionProperties) = preSolution
		HideSolutionNode = FALSE
	EndGlobalSection
	GlobalSection(ExtensibilityGlobals) = postSolution
		SolutionGuid = {E6F68992-5FEB-464E-B2A3-EC931C4B617E}
	EndGlobalSection
EndGlobal
